
Microsoft Visual Studio Solution File, Format Version 12.00
# Visual Studio 2013
VisualStudioVersion = 12.0.21005.1
MinimumVisualStudioVersion = 10.0.40219.1
Project("{FAE04EC0-301F-11D3-BF4B-00C04F79EFBC}") = "ShopNet", "ShopNet\ShopNet.csproj", "{F28337F3-EFC7-4457-9B66-E0A5F9D6F687}"
EndProject
Project("{2150E333-8FDC-42A3-9474-1A3956D46DE8}") = ".nuget", ".nuget", "{18789970-DB6C-4945-9DE6-3313163E1C69}"
	ProjectSection(SolutionItems) = preProject
		.nuget\NuGet.Config = .nuget\NuGet.Config
		.nuget\NuGet.exe = .nuget\NuGet.exe
		.nuget\NuGet.targets = .nuget\NuGet.targets
	EndProjectSection
EndProject
Global
	GlobalSection(SolutionConfigurationPlatforms) = preSolution
		Debug|Any CPU = Debug|Any CPU
		Release|Any CPU = Release|Any CPU
	EndGlobalSection
	GlobalSection(ProjectConfigurationPlatforms) = postSolution
		{F28337F3-EFC7-4457-9B66-E0A5F9D6F687}.Debug|Any CPU.ActiveCfg = Debug|Any CPU
		{F28337F3-EFC7-4457-9B66-E0A5F9D6F687}.Debug|Any CPU.Build.0 = Debug|Any CPU
		{F28337F3-EFC7-4457-9B66-E0A5F9D6F687}.Release|Any CPU.ActiveCfg = Release|Any CPU
		{F28337F3-EFC7-4457-9B66-E0A5F9D6F687}.Release|Any CPU.Build.0 = Release|Any CPU
	EndGlobalSection
	GlobalSection(SolutionProperties) = preSolution
		HideSolutionNode = FALSE
	EndGlobalSection
EndGlobal
